// !$*UTF8*$!
{
	archiveVersion = 1;
	classes = {
	};
	objectVersion = 56;
	objects = {

/* Begin PBXBuildFile section */
		6EA83F412D04888B00E58305 /* CountUpApp.swift in Sources */ = {isa = PBXBuildFile; fileRef = 6EA83F402D04888B00E58305 /* CountUpApp.swift */; };
		6EA83F432D04888B00E58305 /* ContentView.swift in Sources */ = {isa = PBXBuildFile; fileRef = 6EA83F422D04888B00E58305 /* ContentView.swift */; };
		6EA83F452D04888F00E58305 /* Assets.xcassets in Resources */ = {isa = PBXBuildFile; fileRef = 6EA83F442D04888F00E58305 /* Assets.xcassets */; };
		6EA83F482D04888F00E58305 /* Preview Assets.xcassets in Resources */ = {isa = PBXBuildFile; fileRef = 6EA83F472D04888F00E58305 /* Preview Assets.xcassets */; };
		6EA83F522D04888F00E58305 /* CountUpTests.swift in Sources */ = {isa = PBXBuildFile; fileRef = 6EA83F512D04888F00E58305 /* CountUpTests.swift */; };
		6EA83F5C2D04888F00E58305 /* CountUpUITests.swift in Sources */ = {isa = PBXBuildFile; fileRef = 6EA83F5B2D04888F00E58305 /* CountUpUITests.swift */; };
		6EA83F5E2D04888F00E58305 /* CountUpUITestsLaunchTests.swift in Sources */ = {isa = PBXBuildFile; fileRef = 6EA83F5D2D04888F00E58305 /* CountUpUITestsLaunchTests.swift */; };
/* End PBXBuildFile section */

/* Begin PBXContainerItemProxy section */
		6EA83F4E2D04888F00E58305 /* PBXContainerItemProxy */ = {
			isa = PBXContainerItemProxy;
			containerPortal = 6EA83F352D04888B00E58305 /* Project object */;
			proxyType = 1;
			remoteGlobalIDString = 6EA83F3C2D04888B00E58305;
			remoteInfo = CountUp;
		};
		6EA83F582D04888F00E58305 /* PBXContainerItemProxy */ = {
			isa = PBXContainerItemProxy;
			containerPortal = 6EA83F352D04888B00E58305 /* Project object */;
			proxyType = 1;
			remoteGlobalIDString = 6EA83F3C2D04888B00E58305;
			remoteInfo = CountUp;
		};
/* End PBXContainerItemProxy section */

/* Begin PBXFileReference section */
		6EA83F3D2D04888B00E58305 /* CountUp.app */ = {isa = PBXFileReference; explicitFileType = wrapper.application; includeInIndex = 0; path = CountUp.app; sourceTree = BUILT_PRODUCTS_DIR; };
		6EA83F402D04888B00E58305 /* CountUpApp.swift */ = {isa = PBXFileReference; lastKnownFileType = sourcecode.swift; path = CountUpApp.swift; sourceTree = "<group>"; };
		6EA83F422D04888B00E58305 /* ContentView.swift */ = {isa = PBXFileReference; lastKnownFileType = sourcecode.swift; path = ContentView.swift; sourceTree = "<group>"; };
		6EA83F442D04888F00E58305 /* Assets.xcassets */ = {isa = PBXFileReference; lastKnownFileType = folder.assetcatalog; path = Assets.xcassets; sourceTree = "<group>"; };
		6EA83F472D04888F00E58305 /* Preview Assets.xcassets */ = {isa = PBXFileReference; lastKnownFileType = folder.assetcatalog; path = "Preview Assets.xcassets"; sourceTree = "<group>"; };
		6EA83F4D2D04888F00E58305 /* CountUpTests.xctest */ = {isa = PBXFileReference; explicitFileType = wrapper.cfbundle; includeInIndex = 0; path = CountUpTests.xctest; sourceTree = BUILT_PRODUCTS_DIR; };
		6EA83F512D04888F00E58305 /* CountUpTests.swift */ = {isa = PBXFileReference; lastKnownFileType = sourcecode.swift; path = CountUpTests.swift; sourceTree = "<group>"; };
		6EA83F572D04888F00E58305 /* CountUpUITests.xctest */ = {isa = PBXFileReference; explicitFileType = wrapper.cfbundle; includeInIndex = 0; path = CountUpUITests.xctest; sourceTree = BUILT_PRODUCTS_DIR; };
		6EA83F5B2D04888F00E58305 /* CountUpUITests.swift */ = {isa = PBXFileReference; lastKnownFileType = sourcecode.swift; path = CountUpUITests.swift; sourceTree = "<group>"; };
		6EA83F5D2D04888F00E58305 /* CountUpUITestsLaunchTests.swift */ = {isa = PBXFileReference; lastKnownFileType = sourcecode.swift; path = CountUpUITestsLaunchTests.swift; sourceTree = "<group>"; };
/* End PBXFileReference section */

/* Begin PBXFrameworksBuildPhase section */
		6EA83F3A2D04888B00E58305 /* Frameworks */ = {
			isa = PBXFrameworksBuildPhase;
			buildActionMask = 2147483647;
			files = (
			);
			runOnlyForDeploymentPostprocessing = 0;
		};
		6EA83F4A2D04888F00E58305 /* Frameworks */ = {
			isa = PBXFrameworksBuildPhase;
			buildActionMask = 2147483647;
			files = (
			);
			runOnlyForDeploymentPostprocessing = 0;
		};
		6EA83F542D04888F00E58305 /* Frameworks */ = {
			isa = PBXFrameworksBuildPhase;
			buildActionMask = 2147483647;
			files = (
			);
			runOnlyForDeploymentPostprocessing = 0;
		};
/* End PBXFrameworksBuildPhase section */

/* Begin PBXGroup section */
		6EA83F342D04888B00E58305 = {
			isa = PBXGroup;
			children = (
				6EA83F3F2D04888B00E58305 /* CountUp */,
				6EA83F502D04888F00E58305 /* CountUpTests */,
				6EA83F5A2D04888F00E58305 /* CountUpUITests */,
				6EA83F3E2D04888B00E58305 /* Products */,
			);
			sourceTree = "<group>";
		};
		6EA83F3E2D04888B00E58305 /* Products */ = {
			isa = PBXGroup;
			children = (
				6EA83F3D2D04888B00E58305 /* CountUp.app */,
				6EA83F4D2D04888F00E58305 /* CountUpTests.xctest */,
				6EA83F572D04888F00E58305 /* CountUpUITests.xctest */,
			);
			name = Products;
			sourceTree = "<group>";
		};
		6EA83F3F2D04888B00E58305 /* CountUp */ = {
			isa = PBXGroup;
			children = (
				6EA83F402D04888B00E58305 /* CountUpApp.swift */,
				6EA83F422D04888B00E58305 /* ContentView.swift */,
				6EA83F442D04888F00E58305 /* Assets.xcassets */,
				6EA83F462D04888F00E58305 /* Preview Content */,
			);
			path = CountUp;
			sourceTree = "<group>";
		};
		6EA83F462D04888F00E58305 /* Preview Content */ = {
			isa = PBXGroup;
			children = (
				6EA83F472D04888F00E58305 /* Preview Assets.xcassets */,
			);
			path = "Preview Content";
			sourceTree = "<group>";
		};
		6EA83F502D04888F00E58305 /* CountUpTests */ = {
			isa = PBXGroup;
			children = (
				6EA83F512D04888F00E58305 /* CountUpTests.swift */,
			);
			path = CountUpTests;
			sourceTree = "<group>";
		};
		6EA83F5A2D04888F00E58305 /* CountUpUITests */ = {
			isa = PBXGroup;
			children = (
				6EA83F5B2D04888F00E58305 /* CountUpUITests.swift */,
				6EA83F5D2D04888F00E58305 /* CountUpUITestsLaunchTests.swift */,
			);
			path = CountUpUITests;
			sourceTree = "<group>";
		};
/* End PBXGroup section */

/* Begin PBXNativeTarget section */
		6EA83F3C2D04888B00E58305 /* CountUp */ = {
			isa = PBXNativeTarget;
			buildConfigurationList = 6EA83F612D04888F00E58305 /* Build configuration list for PBXNativeTarget "CountUp" */;
			buildPhases = (
				6EA83F392D04888B00E58305 /* Sources */,
				6EA83F3A2D04888B00E58305 /* Frameworks */,
				6EA83F3B2D04888B00E58305 /* Resources */,
			);
			buildRules = (
			);
			dependencies = (
			);
			name = CountUp;
			productName = CountUp;
			productReference = 6EA83F3D2D04888B00E58305 /* CountUp.app */;
			productType = "com.apple.product-type.application";
		};
		6EA83F4C2D04888F00E58305 /* CountUpTests */ = {
			isa = PBXNativeTarget;
			buildConfigurationList = 6EA83F642D04888F00E58305 /* Build configuration list for PBXNativeTarget "CountUpTests" */;
			buildPhases = (
				6EA83F492D04888F00E58305 /* Sources */,
				6EA83F4A2D04888F00E58305 /* Frameworks */,
				6EA83F4B2D04888F00E58305 /* Resources */,
			);
			buildRules = (
			);
			dependencies = (
				6EA83F4F2D04888F00E58305 /* PBXTargetDependency */,
			);
			name = CountUpTests;
			productName = CountUpTests;
			productReference = 6EA83F4D2D04888F00E58305 /* CountUpTests.xctest */;
			productType = "com.apple.product-type.bundle.unit-test";
		};
		6EA83F562D04888F00E58305 /* CountUpUITests */ = {
			isa = PBXNativeTarget;
			buildConfigurationList = 6EA83F672D04888F00E58305 /* Build configuration list for PBXNativeTarget "CountUpUITests" */;
			buildPhases = (
				6EA83F532D04888F00E58305 /* Sources */,
				6EA83F542D04888F00E58305 /* Frameworks */,
				6EA83F552D04888F00E58305 /* Resources */,
			);
			buildRules = (
			);
			dependencies = (
				6EA83F592D04888F00E58305 /* PBXTargetDependency */,
			);
			name = CountUpUITests;
			productName = CountUpUITests;
			productReference = 6EA83F572D04888F00E58305 /* CountUpUITests.xctest */;
			productType = "com.apple.product-type.bundle.ui-testing";
		};
/* End PBXNativeTarget section */

/* Begin PBXProject section */
		6EA83F352D04888B00E58305 /* Project object */ = {
			isa = PBXProject;
			attributes = {
				BuildIndependentTargetsInParallel = 1;
				LastSwiftUpdateCheck = 1400;
				LastUpgradeCheck = 1400;
				TargetAttributes = {
					6EA83F3C2D04888B00E58305 = {
						CreatedOnToolsVersion = 14.0.1;
					};
					6EA83F4C2D04888F00E58305 = {
						CreatedOnToolsVersion = 14.0.1;
						TestTargetID = 6EA83F3C2D04888B00E58305;
					};
					6EA83F562D04888F00E58305 = {
						CreatedOnToolsVersion = 14.0.1;
						TestTargetID = 6EA83F3C2D04888B00E58305;
					};
				};
			};
			buildConfigurationList = 6EA83F382D04888B00E58305 /* Build configuration list for PBXProject "CountUp" */;
			compatibilityVersion = "Xcode 14.0";
			developmentRegion = en;
			hasScannedForEncodings = 0;
			knownRegions = (
				en,
				Base,
			);
			mainGroup = 6EA83F342D04888B00E58305;
			productRefGroup = 6EA83F3E2D04888B00E58305 /* Products */;
			projectDirPath = "";
			projectRoot = "";
			targets = (
				6EA83F3C2D04888B00E58305 /* CountUp */,
				6EA83F4C2D04888F00E58305 /* CountUpTests */,
				6EA83F562D04888F00E58305 /* CountUpUITests */,
			);
		};
/* End PBXProject section */

/* Begin PBXResourcesBuildPhase section */
		6EA83F3B2D04888B00E58305 /* Resources */ = {
			isa = PBXResourcesBuildPhase;
			buildActionMask = 2147483647;
			files = (
				6EA83F482D04888F00E58305 /* Preview Assets.xcassets in Resources */,
				6EA83F452D04888F00E58305 /* Assets.xcassets in Resources */,
			);
			runOnlyForDeploymentPostprocessing = 0;
		};
		6EA83F4B2D04888F00E58305 /* Resources */ = {
			isa = PBXResourcesBuildPhase;
			buildActionMask = 2147483647;
			files = (
			);
			runOnlyForDeploymentPostprocessing = 0;
		};
		6EA83F552D04888F00E58305 /* Resources */ = {
			isa = PBXResourcesBuildPhase;
			buildActionMask = 2147483647;
			files = (
			);
			runOnlyForDeploymentPostprocessing = 0;
		};
/* End PBXResourcesBuildPhase section */

/* Begin PBXSourcesBuildPhase section */
		6EA83F392D04888B00E58305 /* Sources */ = {
			isa = PBXSourcesBuildPhase;
			buildActionMask = 2147483647;
			files = (
				6EA83F432D04888B00E58305 /* ContentView.swift in Sources */,
				6EA83F412D04888B00E58305 /* CountUpApp.swift in Sources */,
			);
			runOnlyForDeploymentPostprocessing = 0;
		};
		6EA83F492D04888F00E58305 /* Sources */ = {
			isa = PBXSourcesBuildPhase;
			buildActionMask = 2147483647;
			files = (
				6EA83F522D04888F00E58305 /* CountUpTests.swift in Sources */,
			);
			runOnlyForDeploymentPostprocessing = 0;
		};
		6EA83F532D04888F00E58305 /* Sources */ = {
			isa = PBXSourcesBuildPhase;
			buildActionMask = 2147483647;
			files = (
				6EA83F5C2D04888F00E58305 /* CountUpUITests.swift in Sources */,
				6EA83F5E2D04888F00E58305 /* CountUpUITestsLaunchTests.swift in Sources */,
			);
			runOnlyForDeploymentPostprocessing = 0;
		};
/* End PBXSourcesBuildPhase section */

/* Begin PBXTargetDependency section */
		6EA83F4F2D04888F00E58305 /* PBXTargetDependency */ = {
			isa = PBXTargetDependency;
			target = 6EA83F3C2D04888B00E58305 /* CountUp */;
			targetProxy = 6EA83F4E2D04888F00E58305 /* PBXContainerItemProxy */;
		};
		6EA83F592D04888F00E58305 /* PBXTargetDependency */ = {
			isa = PBXTargetDependency;
			target = 6EA83F3C2D04888B00E58305 /* CountUp */;
			targetProxy = 6EA83F582D04888F00E58305 /* PBXContainerItemProxy */;
		};
/* End PBXTargetDependency section */

/* Begin XCBuildConfiguration section */
		6EA83F5F2D04888F00E58305 /* Debug */ = {
			isa = XCBuildConfiguration;
			buildSettings = {
				ALWAYS_SEARCH_USER_PATHS = NO;
				CLANG_ANALYZER_NONNULL = YES;
				CLANG_ANALYZER_NUMBER_OBJECT_CONVERSION = YES_AGGRESSIVE;
				CLANG_CXX_LANGUAGE_STANDARD = "gnu++20";
				CLANG_ENABLE_MODULES = YES;
				CLANG_ENABLE_OBJC_ARC = YES;
				CLANG_ENABLE_OBJC_WEAK = YES;
				CLANG_WARN_BLOCK_CAPTURE_AUTORELEASING = YES;
				CLANG_WARN_BOOL_CONVERSION = YES;
				CLANG_WARN_COMMA = YES;
				CLANG_WARN_CONSTANT_CONVERSION = YES;
				CLANG_WARN_DEPRECATED_OBJC_IMPLEMENTATIONS = YES;
				CLANG_WARN_DIRECT_OBJC_ISA_USAGE = YES_ERROR;
				CLANG_WARN_DOCUMENTATION_COMMENTS = YES;
				CLANG_WARN_EMPTY_BODY = YES;
				CLANG_WARN_ENUM_CONVERSION = YES;
				CLANG_WARN_INFINITE_RECURSION = YES;
				CLANG_WARN_INT_CONVERSION = YES;
				CLANG_WARN_NON_LITERAL_NULL_CONVERSION = YES;
				CLANG_WARN_OBJC_IMPLICIT_RETAIN_SELF = YES;
				CLANG_WARN_OBJC_LITERAL_CONVERSION = YES;
				CLANG_WARN_OBJC_ROOT_CLASS = YES_ERROR;
				CLANG_WARN_QUOTED_INCLUDE_IN_FRAMEWORK_HEADER = YES;
				CLANG_WARN_RANGE_LOOP_ANALYSIS = YES;
				CLANG_WARN_STRICT_PROTOTYPES = YES;
				CLANG_WARN_SUSPICIOUS_MOVE = YES;
				CLANG_WARN_UNGUARDED_AVAILABILITY = YES_AGGRESSIVE;
				CLANG_WARN_UNREACHABLE_CODE = YES;
				CLANG_WARN__DUPLICATE_METHOD_MATCH = YES;
				COPY_PHASE_STRIP = NO;
				DEBUG_INFORMATION_FORMAT = dwarf;
				ENABLE_STRICT_OBJC_MSGSEND = YES;
				ENABLE_TESTABILITY = YES;
				GCC_C_LANGUAGE_STANDARD = gnu11;
				GCC_DYNAMIC_NO_PIC = NO;
				GCC_NO_COMMON_BLOCKS = YES;
				GCC_OPTIMIZATION_LEVEL = 0;
				GCC_PREPROCESSOR_DEFINITIONS = (
					"DEBUG=1",
					"$(inherited)",
				);
				GCC_WARN_64_TO_32_BIT_CONVERSION = YES;
				GCC_WARN_ABOUT_RETURN_TYPE = YES_ERROR;
				GCC_WARN_UNDECLARED_SELECTOR = YES;
				GCC_WARN_UNINITIALIZED_AUTOS = YES_AGGRESSIVE;
				GCC_WARN_UNUSED_FUNCTION = YES;
				GCC_WARN_UNUSED_VARIABLE = YES;
				IPHONEOS_DEPLOYMENT_TARGET = 16.0;
				MTL_ENABLE_DEBUG_INFO = INCLUDE_SOURCE;
				MTL_FAST_MATH = YES;
				ONLY_ACTIVE_ARCH = YES;
				SDKROOT = iphoneos;
				SWIFT_ACTIVE_COMPILATION_CONDITIONS = DEBUG;
				SWIFT_OPTIMIZATION_LEVEL = "-Onone";
			};
			name = Debug;
		};
		6EA83F602D04888F00E58305 /* Release */ = {
			isa = XCBuildConfiguration;
			buildSettings = {
				ALWAYS_SEARCH_USER_PATHS = NO;
				CLANG_ANALYZER_NONNULL = YES;
				CLANG_ANALYZER_NUMBER_OBJECT_CONVERSION = YES_AGGRESSIVE;
				CLANG_CXX_LANGUAGE_STANDARD = "gnu++20";
				CLANG_ENABLE_MODULES = YES;
				CLANG_ENABLE_OBJC_ARC = YES;
				CLANG_ENABLE_OBJC_WEAK = YES;
				CLANG_WARN_BLOCK_CAPTURE_AUTORELEASING = YES;
				CLANG_WARN_BOOL_CONVERSION = YES;
				CLANG_WARN_COMMA = YES;
				CLANG_WARN_CONSTANT_CONVERSION = YES;
				CLANG_WARN_DEPRECATED_OBJC_IMPLEMENTATIONS = YES;
				CLANG_WARN_DIRECT_OBJC_ISA_USAGE = YES_ERROR;
				CLANG_WARN_DOCUMENTATION_COMMENTS = YES;
				CLANG_WARN_EMPTY_BODY = YES;
				CLANG_WARN_ENUM_CONVERSION = YES;
				CLANG_WARN_INFINITE_RECURSION = YES;
				CLANG_WARN_INT_CONVERSION = YES;
				CLANG_WARN_NON_LITERAL_NULL_CONVERSION = YES;
				CLANG_WARN_OBJC_IMPLICIT_RETAIN_SELF = YES;
				CLANG_WARN_OBJC_LITERAL_CONVERSION = YES;
				CLANG_WARN_OBJC_ROOT_CLASS = YES_ERROR;
				CLANG_WARN_QUOTED_INCLUDE_IN_FRAMEWORK_HEADER = YES;
				CLANG_WARN_RANGE_LOOP_ANALYSIS = YES;
				CLANG_WARN_STRICT_PROTOTYPES = YES;
				CLANG_WARN_SUSPICIOUS_MOVE = YES;
				CLANG_WARN_UNGUARDED_AVAILABILITY = YES_AGGRESSIVE;
				CLANG_WARN_UNREACHABLE_CODE = YES;
				CLANG_WARN__DUPLICATE_METHOD_MATCH = YES;
				COPY_PHASE_STRIP = NO;
				DEBUG_INFORMATION_FORMAT = "dwarf-with-dsym";
				ENABLE_NS_ASSERTIONS = NO;
				ENABLE_STRICT_OBJC_MSGSEND = YES;
				GCC_C_LANGUAGE_STANDARD = gnu11;
				GCC_NO_COMMON_BLOCKS = YES;
				GCC_WARN_64_TO_32_BIT_CONVERSION = YES;
				GCC_WARN_ABOUT_RETURN_TYPE = YES_ERROR;
				GCC_WARN_UNDECLARED_SELECTOR = YES;
				GCC_WARN_UNINITIALIZED_AUTOS = YES_AGGRESSIVE;
				GCC_WARN_UNUSED_FUNCTION = YES;
				GCC_WARN_UNUSED_VARIABLE = YES;
				IPHONEOS_DEPLOYMENT_TARGET = 16.0;
				MTL_ENABLE_DEBUG_INFO = NO;
				MTL_FAST_MATH = YES;
				SDKROOT = iphoneos;
				SWIFT_COMPILATION_MODE = wholemodule;
				SWIFT_OPTIMIZATION_LEVEL = "-O";
				VALIDATE_PRODUCT = YES;
			};
			name = Release;
		};
		6EA83F622D04888F00E58305 /* Debug */ = {
			isa = XCBuildConfiguration;
			buildSettings = {
				ASSETCATALOG_COMPILER_APPICON_NAME = AppIcon;
				ASSETCATALOG_COMPILER_GLOBAL_ACCENT_COLOR_NAME = AccentColor;
				CODE_SIGN_STYLE = Automatic;
				CURRENT_PROJECT_VERSION = 1;
				DEVELOPMENT_ASSET_PATHS = "\"CountUp/Preview Content\"";
				DEVELOPMENT_TEAM = 8M5ZB4R29P;
				ENABLE_PREVIEWS = YES;
				GENERATE_INFOPLIST_FILE = YES;
				INFOPLIST_KEY_UIApplicationSceneManifest_Generation = YES;
				INFOPLIST_KEY_UIApplicationSupportsIndirectInputEvents = YES;
				INFOPLIST_KEY_UILaunchScreen_Generation = YES;
				INFOPLIST_KEY_UISupportedInterfaceOrientations_iPad = "UIInterfaceOrientationPortrait UIInterfaceOrientationPortraitUpsideDown UIInterfaceOrientationLandscapeLeft UIInterfaceOrientationLandscapeRight";
				INFOPLIST_KEY_UISupportedInterfaceOrientations_iPhone = "UIInterfaceOrientationPortrait UIInterfaceOrientationLandscapeLeft UIInterfaceOrientationLandscapeRight";
				LD_RUNPATH_SEARCH_PATHS = (
					"$(inherited)",
					"@executable_path/Frameworks",
				);
				MARKETING_VERSION = 1.0;
				PRODUCT_BUNDLE_IDENTIFIER = SwiftDeveloper.CountUp;
				PRODUCT_NAME = "$(TARGET_NAME)";
				SWIFT_EMIT_LOC_STRINGS = YES;
				SWIFT_VERSION = 5.0;
				TARGETED_DEVICE_FAMILY = "1,2";
			};
			name = Debug;
		};
		6EA83F632D04888F00E58305 /* Release */ = {
			isa = XCBuildConfiguration;
			buildSettings = {
				ASSETCATALOG_COMPILER_APPICON_NAME = AppIcon;
				ASSETCATALOG_COMPILER_GLOBAL_ACCENT_COLOR_NAME = AccentColor;
				CODE_SIGN_STYLE = Automatic;
				CURRENT_PROJECT_VERSION = 1;
				DEVELOPMENT_ASSET_PATHS = "\"CountUp/Preview Content\"";
				DEVELOPMENT_TEAM = 8M5ZB4R29P;
				ENABLE_PREVIEWS = YES;
				GENERATE_INFOPLIST_FILE = YES;
				INFOPLIST_KEY_UIApplicationSceneManifest_Generation = YES;
				INFOPLIST_KEY_UIApplicationSupportsIndirectInputEvents = YES;
				INFOPLIST_KEY_UILaunchScreen_Generation = YES;
				INFOPLIST_KEY_UISupportedInterfaceOrientations_iPad = "UIInterfaceOrientationPortrait UIInterfaceOrientationPortraitUpsideDown UIInterfaceOrientationLandscapeLeft UIInterfaceOrientationLandscapeRight";
				INFOPLIST_KEY_UISupportedInterfaceOrientations_iPhone = "UIInterfaceOrientationPortrait UIInterfaceOrientationLandscapeLeft UIInterfaceOrientationLandscapeRight";
				LD_RUNPATH_SEARCH_PATHS = (
					"$(inherited)",
					"@executable_path/Frameworks",
				);
				MARKETING_VERSION = 1.0;
				PRODUCT_BUNDLE_IDENTIFIER = SwiftDeveloper.CountUp;
				PRODUCT_NAME = "$(TARGET_NAME)";
				SWIFT_EMIT_LOC_STRINGS = YES;
				SWIFT_VERSION = 5.0;
				TARGETED_DEVICE_FAMILY = "1,2";
			};
			name = Release;
		};
		6EA83F652D04888F00E58305 /* Debug */ = {
			isa = XCBuildConfiguration;
			buildSettings = {
				ALWAYS_EMBED_SWIFT_STANDARD_LIBRARIES = YES;
				BUNDLE_LOADER = "$(TEST_HOST)";
				CODE_SIGN_STYLE = Automatic;
				CURRENT_PROJECT_VERSION = 1;
				DEVELOPMENT_TEAM = 8M5ZB4R29P;
				GENERATE_INFOPLIST_FILE = YES;
				IPHONEOS_DEPLOYMENT_TARGET = 16.0;
				MARKETING_VERSION = 1.0;
				PRODUCT_BUNDLE_IDENTIFIER = SwiftDeveloper.CountUpTests;
				PRODUCT_NAME = "$(TARGET_NAME)";
				SWIFT_EMIT_LOC_STRINGS = NO;
				SWIFT_VERSION = 5.0;
				TARGETED_DEVICE_FAMILY = "1,2";
				TEST_HOST = "$(BUILT_PRODUCTS_DIR)/CountUp.app/$(BUNDLE_EXECUTABLE_FOLDER_PATH)/CountUp";
			};
			name = Debug;
		};
		6EA83F662D04888F00E58305 /* Release */ = {
			isa = XCBuildConfiguration;
			buildSettings = {
				ALWAYS_EMBED_SWIFT_STANDARD_LIBRARIES = YES;
				BUNDLE_LOADER = "$(TEST_HOST)";
				CODE_SIGN_STYLE = Automatic;
				CURRENT_PROJECT_VERSION = 1;
				DEVELOPMENT_TEAM = 8M5ZB4R29P;
				GENERATE_INFOPLIST_FILE = YES;
				IPHONEOS_DEPLOYMENT_TARGET = 16.0;
				MARKETING_VERSION = 1.0;
				PRODUCT_BUNDLE_IDENTIFIER = SwiftDeveloper.CountUpTests;
				PRODUCT_NAME = "$(TARGET_NAME)";
				SWIFT_EMIT_LOC_STRINGS = NO;
				SWIFT_VERSION = 5.0;
				TARGETED_DEVICE_FAMILY = "1,2";
				TEST_HOST = "$(BUILT_PRODUCTS_DIR)/CountUp.app/$(BUNDLE_EXECUTABLE_FOLDER_PATH)/CountUp";
			};
			name = Release;
		};
		6EA83F682D04888F00E58305 /* Debug */ = {
			isa = XCBuildConfiguration;
			buildSettings = {
				ALWAYS_EMBED_SWIFT_STANDARD_LIBRARIES = YES;
				CODE_SIGN_STYLE = Automatic;
				CURRENT_PROJECT_VERSION = 1;
				DEVELOPMENT_TEAM = 8M5ZB4R29P;
				GENERATE_INFOPLIST_FILE = YES;
				MARKETING_VERSION = 1.0;
				PRODUCT_BUNDLE_IDENTIFIER = SwiftDeveloper.CountUpUITests;
				PRODUCT_NAME = "$(TARGET_NAME)";
				SWIFT_EMIT_LOC_STRINGS = NO;
				SWIFT_VERSION = 5.0;
				TARGETED_DEVICE_FAMILY = "1,2";
				TEST_TARGET_NAME = CountUp;
			};
			name = Debug;
		};
		6EA83F692D04888F00E58305 /* Release */ = {
			isa = XCBuildConfiguration;
			buildSettings = {
				ALWAYS_EMBED_SWIFT_STANDARD_LIBRARIES = YES;
				CODE_SIGN_STYLE = Automatic;
				CURRENT_PROJECT_VERSION = 1;
				DEVELOPMENT_TEAM = 8M5ZB4R29P;
				GENERATE_INFOPLIST_FILE = YES;
				MARKETING_VERSION = 1.0;
				PRODUCT_BUNDLE_IDENTIFIER = SwiftDeveloper.CountUpUITests;
				PRODUCT_NAME = "$(TARGET_NAME)";
				SWIFT_EMIT_LOC_STRINGS = NO;
				SWIFT_VERSION = 5.0;
				TARGETED_DEVICE_FAMILY = "1,2";
				TEST_TARGET_NAME = CountUp;
			};
			name = Release;
		};
/* End XCBuildConfiguration section */

/* Begin XCConfigurationList section */
		6EA83F382D04888B00E58305 /* Build configuration list for PBXProject "CountUp" */ = {
			isa = XCConfigurationList;
			buildConfigurations = (
				6EA83F5F2D04888F00E58305 /* Debug */,
				6EA83F602D04888F00E58305 /* Release */,
			);
			defaultConfigurationIsVisible = 0;
			defaultConfigurationName = Release;
		};
		6EA83F612D04888F00E58305 /* Build configuration list for PBXNativeTarget "CountUp" */ = {
			isa = XCConfigurationList;
			buildConfigurations = (
				6EA83F622D04888F00E58305 /* Debug */,
				6EA83F632D04888F00E58305 /* Release */,
			);
			defaultConfigurationIsVisible = 0;
			defaultConfigurationName = Release;
		};
		6EA83F642D04888F00E58305 /* Build configuration list for PBXNativeTarget "CountUpTests" */ = {
			isa = XCConfigurationList;
			buildConfigurations = (
				6EA83F652D04888F00E58305 /* Debug */,
				6EA83F662D04888F00E58305 /* Release */,
			);
			defaultConfigurationIsVisible = 0;
			defaultConfigurationName = Release;
		};
		6EA83F672D04888F00E58305 /* Build configuration list for PBXNativeTarget "CountUpUITests" */ = {
			isa = XCConfigurationList;
			buildConfigurations = (
				6EA83F682D04888F00E58305 /* Debug */,
				6EA83F692D04888F00E58305 /* Release */,
			);
			defaultConfigurationIsVisible = 0;
			defaultConfigurationName = Release;
		};
/* End XCConfigurationList section */
	};
	rootObject = 6EA83F352D04888B00E58305 /* Project object */;
}
